Microsoft Visual Studio Solution File, Format Version 12.00
# Visual Studio 2012
Project("{FAE04EC0-301F-11D3-BF4B-00C04F79EFBC}") = "Game", "Game.csproj", "{EE8A68CB-5939-4F98-8B3B-72F255460BFB}"
EndProject
Global
	GlobalSection(SolutionConfigurationPlatforms) = preSolution
	Debug|Any CPU = Debug|Any CPU
	ExportDebug|Any CPU = ExportDebug|Any CPU
	ExportRelease|Any CPU = ExportRelease|Any CPU
	EndGlobalSection
	GlobalSection(ProjectConfigurationPlatforms) = postSolution
		{EE8A68CB-5939-4F98-8B3B-72F255460BFB}.Debug|Any CPU.ActiveCfg = Debug|Any CPU
		{EE8A68CB-5939-4F98-8B3B-72F255460BFB}.Debug|Any CPU.Build.0 = Debug|Any CPU
		{EE8A68CB-5939-4F98-8B3B-72F255460BFB}.ExportDebug|Any CPU.ActiveCfg = ExportDebug|Any CPU
		{EE8A68CB-5939-4F98-8B3B-72F255460BFB}.ExportDebug|Any CPU.Build.0 = ExportDebug|Any CPU
		{EE8A68CB-5939-4F98-8B3B-72F255460BFB}.ExportRelease|Any CPU.ActiveCfg = ExportRelease|Any CPU
		{EE8A68CB-5939-4F98-8B3B-72F255460BFB}.ExportRelease|Any CPU.Build.0 = ExportRelease|Any CPU
	EndGlobalSection
EndGlobal
